
Microsoft Visual Studio Solution File, Format Version 12.00
Project("{FAE04EC0-301F-11D3-BF4B-00C04F79EFBC}") = "OrbitToDo", "OrbitToDo\OrbitToDo.csproj", "{387B563A-6F83-4BEA-83F3-427113E034F7}"
EndProject
Global
	GlobalSection(SolutionConfigurationPlatforms) = preSolution
		Debug|Any CPU = Debug|Any CPU
		Release|Any CPU = Release|Any CPU
	EndGlobalSection
	GlobalSection(ProjectConfigurationPlatforms) = postSolution
		{387B563A-6F83-4BEA-83F3-427113E034F7}.Debug|Any CPU.ActiveCfg = Debug|Any CPU
		{387B563A-6F83-4BEA-83F3-427113E034F7}.Debug|Any CPU.Build.0 = Debug|Any CPU
		{387B563A-6F83-4BEA-83F3-427113E034F7}.Release|Any CPU.ActiveCfg = Release|Any CPU
		{387B563A-6F83-4BEA-83F3-427113E034F7}.Release|Any CPU.Build.0 = Release|Any CPU
	EndGlobalSection
EndGlobal
